// !$*UTF8*$!
{
	archiveVersion = 1;
	classes = {
	};
	objectVersion = 46;
	objects = {

/* Begin PBXBuildFile section */
		EB51A5881A09E0000095D878 /* AppDelegate.swift in Sources */ = {isa = PBXBuildFile; fileRef = EB51A5871A09E0000095D878 /* AppDelegate.swift */; };
		EB51A58A1A09E0000095D878 /* ViewController.swift in Sources */ = {isa = PBXBuildFile; fileRef = EB51A5891A09E0000095D878 /* ViewController.swift */; };
		EB51A58D1A09E0000095D878 /* Main.storyboard in Resources */ = {isa = PBXBuildFile; fileRef = EB51A58B1A09E0000095D878 /* Main.storyboard */; };
		EB51A58F1A09E0000095D878 /* Images.xcassets in Resources */ = {isa = PBXBuildFile; fileRef = EB51A58E1A09E0000095D878 /* Images.xcassets */; };
		EB51A5921A09E0000095D878 /* LaunchScreen.xib in Resources */ = {isa = PBXBuildFile; fileRef = EB51A5901A09E0000095D878 /* LaunchScreen.xib */; };
		EB51A59E1A09E0000095D878 /* MOCHATests.swift in Sources */ = {isa = PBXBuildFile; fileRef = EB51A59D1A09E0000095D878 /* MOCHATests.swift */; };
		F715017C1A12CEE100A78354 /* Lobby.png in Resources */ = {isa = PBXBuildFile; fileRef = F715017B1A12CEE100A78354 /* Lobby.png */; };
		F715017E1A12CF9400A78354 /* Create a Room.png in Resources */ = {isa = PBXBuildFile; fileRef = F715017D1A12CF9400A78354 /* Create a Room.png */; };
		F71501801A12D19B00A78354 /* Hemingway.png in Resources */ = {isa = PBXBuildFile; fileRef = F715017F1A12D19B00A78354 /* Hemingway.png */; };
		F74380901A0C70A200041174 /* test_image.jpg in Resources */ = {isa = PBXBuildFile; fileRef = F743808F1A0C70A200041174 /* test_image.jpg */; };
/* End PBXBuildFile section */

/* Begin PBXContainerItemProxy section */
		EB51A5981A09E0000095D878 /* PBXContainerItemProxy */ = {
			isa = PBXContainerItemProxy;
			containerPortal = EB51A57A1A09E0000095D878 /* Project object */;
			proxyType = 1;
			remoteGlobalIDString = EB51A5811A09E0000095D878;
			remoteInfo = MOCHA;
		};
/* End PBXContainerItemProxy section */

/* Begin PBXFileReference section */
		EB51A5821A09E0000095D878 /* MOCHA.app */ = {isa = PBXFileReference; explicitFileType = wrapper.application; includeInIndex = 0; path = MOCHA.app; sourceTree = BUILT_PRODUCTS_DIR; };
		EB51A5861A09E0000095D878 /* Info.plist */ = {isa = PBXFileReference; lastKnownFileType = text.plist.xml; path = Info.plist; sourceTree = "<group>"; };
		EB51A5871A09E0000095D878 /* AppDelegate.swift */ = {isa = PBXFileReference; lastKnownFileType = sourcecode.swift; path = AppDelegate.swift; sourceTree = "<group>"; };
		EB51A5891A09E0000095D878 /* ViewController.swift */ = {isa = PBXFileReference; lastKnownFileType = sourcecode.swift; path = ViewController.swift; sourceTree = "<group>"; };
		EB51A58C1A09E0000095D878 /* Base */ = {isa = PBXFileReference; lastKnownFileType = file.storyboard; name = Base; path = Base.lproj/Main.storyboard; sourceTree = "<group>"; };
		EB51A58E1A09E0000095D878 /* Images.xcassets */ = {isa = PBXFileReference; lastKnownFileType = folder.assetcatalog; path = Images.xcassets; sourceTree = "<group>"; };
		EB51A5911A09E0000095D878 /* Base */ = {isa = PBXFileReference; lastKnownFileType = file.xib; name = Base; path = Base.lproj/LaunchScreen.xib; sourceTree = "<group>"; };
		EB51A5971A09E0000095D878 /* MOCHATests.xctest */ = {isa = PBXFileReference; explicitFileType = wrapper.cfbundle; includeInIndex = 0; path = MOCHATests.xctest; sourceTree = BUILT_PRODUCTS_DIR; };
		EB51A59C1A09E0000095D878 /* Info.plist */ = {isa = PBXFileReference; lastKnownFileType = text.plist.xml; path = Info.plist; sourceTree = "<group>"; };
		EB51A59D1A09E0000095D878 /* MOCHATests.swift */ = {isa = PBXFileReference; lastKnownFileType = sourcecode.swift; path = MOCHATests.swift; sourceTree = "<group>"; };
		F715017B1A12CEE100A78354 /* Lobby.png */ = {isa = PBXFileReference; lastKnownFileType = image.png; path = Lobby.png; sourceTree = "<group>"; };
		F715017D1A12CF9400A78354 /* Create a Room.png */ = {isa = PBXFileReference; lastKnownFileType = image.png; path = "Create a Room.png"; sourceTree = "<group>"; };
		F715017F1A12D19B00A78354 /* Hemingway.png */ = {isa = PBXFileReference; lastKnownFileType = image.png; path = Hemingway.png; sourceTree = "<group>"; };
		F743808F1A0C70A200041174 /* test_image.jpg */ = {isa = PBXFileReference; lastKnownFileType = image.jpeg; path = test_image.jpg; sourceTree = "<group>"; };
/* End PBXFileReference section */

/* Begin PBXFrameworksBuildPhase section */
		EB51A57F1A09E0000095D878 /* Frameworks */ = {
			isa = PBXFrameworksBuildPhase;
			buildActionMask = 2147483647;
			files = (
			);
			runOnlyForDeploymentPostprocessing = 0;
		};
		EB51A5941A09E0000095D878 /* Frameworks */ = {
			isa = PBXFrameworksBuildPhase;
			buildActionMask = 2147483647;
			files = (
			);
			runOnlyForDeploymentPostprocessing = 0;
		};
/* End PBXFrameworksBuildPhase section */

/* Begin PBXGroup section */
		EB51A5791A09E0000095D878 = {
			isa = PBXGroup;
			children = (
				EB51A5841A09E0000095D878 /* MOCHA */,
				EB51A59A1A09E0000095D878 /* MOCHATests */,
				EB51A5831A09E0000095D878 /* Products */,
			);
			sourceTree = "<group>";
		};
		EB51A5831A09E0000095D878 /* Products */ = {
			isa = PBXGroup;
			children = (
				EB51A5821A09E0000095D878 /* MOCHA.app */,
				EB51A5971A09E0000095D878 /* MOCHATests.xctest */,
			);
			name = Products;
			sourceTree = "<group>";
		};
		EB51A5841A09E0000095D878 /* MOCHA */ = {
			isa = PBXGroup;
			children = (
				EB51A5871A09E0000095D878 /* AppDelegate.swift */,
				EB51A5891A09E0000095D878 /* ViewController.swift */,
				EB51A58B1A09E0000095D878 /* Main.storyboard */,
				EB51A58E1A09E0000095D878 /* Images.xcassets */,
				EB51A5901A09E0000095D878 /* LaunchScreen.xib */,
				EB51A5851A09E0000095D878 /* Supporting Files */,
			);
			path = MOCHA;
			sourceTree = "<group>";
		};
		EB51A5851A09E0000095D878 /* Supporting Files */ = {
			isa = PBXGroup;
			children = (
				EB51A5861A09E0000095D878 /* Info.plist */,
				F715017D1A12CF9400A78354 /* Create a Room.png */,
				F715017F1A12D19B00A78354 /* Hemingway.png */,
				F743808F1A0C70A200041174 /* test_image.jpg */,
				F715017B1A12CEE100A78354 /* Lobby.png */,
			);
			name = "Supporting Files";
			sourceTree = "<group>";
		};
		EB51A59A1A09E0000095D878 /* MOCHATests */ = {
			isa = PBXGroup;
			children = (
				EB51A59D1A09E0000095D878 /* MOCHATests.swift */,
				EB51A59B1A09E0000095D878 /* Supporting Files */,
			);
			path = MOCHATests;
			sourceTree = "<group>";
		};
		EB51A59B1A09E0000095D878 /* Supporting Files */ = {
			isa = PBXGroup;
			children = (
				EB51A59C1A09E0000095D878 /* Info.plist */,
			);
			name = "Supporting Files";
			sourceTree = "<group>";
		};
/* End PBXGroup section */

/* Begin PBXNativeTarget section */
		EB51A5811A09E0000095D878 /* MOCHA */ = {
			isa = PBXNativeTarget;
			buildConfigurationList = EB51A5A11A09E0000095D878 /* Build configuration list for PBXNativeTarget "MOCHA" */;
			buildPhases = (
				EB51A57E1A09E0000095D878 /* Sources */,
				EB51A57F1A09E0000095D878 /* Frameworks */,
				EB51A5801A09E0000095D878 /* Resources */,
			);
			buildRules = (
			);
			dependencies = (
			);
			name = MOCHA;
			productName = MOCHA;
			productReference = EB51A5821A09E0000095D878 /* MOCHA.app */;
			productType = "com.apple.product-type.application";
		};
		EB51A5961A09E0000095D878 /* MOCHATests */ = {
			isa = PBXNativeTarget;
			buildConfigurationList = EB51A5A41A09E0000095D878 /* Build configuration list for PBXNativeTarget "MOCHATests" */;
			buildPhases = (
				EB51A5931A09E0000095D878 /* Sources */,
				EB51A5941A09E0000095D878 /* Frameworks */,
				EB51A5951A09E0000095D878 /* Resources */,
			);
			buildRules = (
			);
			dependencies = (
				EB51A5991A09E0000095D878 /* PBXTargetDependency */,
			);
			name = MOCHATests;
			productName = MOCHATests;
			productReference = EB51A5971A09E0000095D878 /* MOCHATests.xctest */;
			productType = "com.apple.product-type.bundle.unit-test";
		};
/* End PBXNativeTarget section */

/* Begin PBXProject section */
		EB51A57A1A09E0000095D878 /* Project object */ = {
			isa = PBXProject;
			attributes = {
				LastUpgradeCheck = 0600;
				ORGANIZATIONNAME = GoodYellow;
				TargetAttributes = {
					EB51A5811A09E0000095D878 = {
						CreatedOnToolsVersion = 6.0.1;
					};
					EB51A5961A09E0000095D878 = {
						CreatedOnToolsVersion = 6.0.1;
						TestTargetID = EB51A5811A09E0000095D878;
					};
				};
			};
			buildConfigurationList = EB51A57D1A09E0000095D878 /* Build configuration list for PBXProject "MOCHA" */;
			compatibilityVersion = "Xcode 3.2";
			developmentRegion = English;
			hasScannedForEncodings = 0;
			knownRegions = (
				en,
				Base,
			);
			mainGroup = EB51A5791A09E0000095D878;
			productRefGroup = EB51A5831A09E0000095D878 /* Products */;
			projectDirPath = "";
			projectRoot = "";
			targets = (
				EB51A5811A09E0000095D878 /* MOCHA */,
				EB51A5961A09E0000095D878 /* MOCHATests */,
			);
		};
/* End PBXProject section */

/* Begin PBXResourcesBuildPhase section */
		EB51A5801A09E0000095D878 /* Resources */ = {
			isa = PBXResourcesBuildPhase;
			buildActionMask = 2147483647;
			files = (
				F715017E1A12CF9400A78354 /* Create a Room.png in Resources */,
				F71501801A12D19B00A78354 /* Hemingway.png in Resources */,
				EB51A58D1A09E0000095D878 /* Main.storyboard in Resources */,
				EB51A5921A09E0000095D878 /* LaunchScreen.xib in Resources */,
				F715017C1A12CEE100A78354 /* Lobby.png in Resources */,
				EB51A58F1A09E0000095D878 /* Images.xcassets in Resources */,
				F74380901A0C70A200041174 /* test_image.jpg in Resources */,
			);
			runOnlyForDeploymentPostprocessing = 0;
		};
		EB51A5951A09E0000095D878 /* Resources */ = {
			isa = PBXResourcesBuildPhase;
			buildActionMask = 2147483647;
			files = (
			);
			runOnlyForDeploymentPostprocessing = 0;
		};
/* End PBXResourcesBuildPhase section */

/* Begin PBXSourcesBuildPhase section */
		EB51A57E1A09E0000095D878 /* Sources */ = {
			isa = PBXSourcesBuildPhase;
			buildActionMask = 2147483647;
			files = (
				EB51A58A1A09E0000095D878 /* ViewController.swift in Sources */,
				EB51A5881A09E0000095D878 /* AppDelegate.swift in Sources */,
			);
			runOnlyForDeploymentPostprocessing = 0;
		};
		EB51A5931A09E0000095D878 /* Sources */ = {
			isa = PBXSourcesBuildPhase;
			buildActionMask = 2147483647;
			files = (
				EB51A59E1A09E0000095D878 /* MOCHATests.swift in Sources */,
			);
			runOnlyForDeploymentPostprocessing = 0;
		};
/* End PBXSourcesBuildPhase section */

/* Begin PBXTargetDependency section */
		EB51A5991A09E0000095D878 /* PBXTargetDependency */ = {
			isa = PBXTargetDependency;
			target = EB51A5811A09E0000095D878 /* MOCHA */;
			targetProxy = EB51A5981A09E0000095D878 /* PBXContainerItemProxy */;
		};
/* End PBXTargetDependency section */

/* Begin PBXVariantGroup section */
		EB51A58B1A09E0000095D878 /* Main.storyboard */ = {
			isa = PBXVariantGroup;
			children = (
				EB51A58C1A09E0000095D878 /* Base */,
			);
			name = Main.storyboard;
			sourceTree = "<group>";
		};
		EB51A5901A09E0000095D878 /* LaunchScreen.xib */ = {
			isa = PBXVariantGroup;
			children = (
				EB51A5911A09E0000095D878 /* Base */,
			);
			name = LaunchScreen.xib;
			sourceTree = "<group>";
		};
/* End PBXVariantGroup section */

/* Begin XCBuildConfiguration section */
		EB51A59F1A09E0000095D878 /* Debug */ = {
			isa = XCBuildConfiguration;
			buildSettings = {
				ALWAYS_SEARCH_USER_PATHS = NO;
				CLANG_CXX_LANGUAGE_STANDARD = "gnu++0x";
				CLANG_CXX_LIBRARY = "libc++";
				CLANG_ENABLE_MODULES = YES;
				CLANG_ENABLE_OBJC_ARC = YES;
				CLANG_WARN_BOOL_CONVERSION = YES;
				CLANG_WARN_CONSTANT_CONVERSION = YES;
				CLANG_WARN_DIRECT_OBJC_ISA_USAGE = YES_ERROR;
				CLANG_WARN_EMPTY_BODY = YES;
				CLANG_WARN_ENUM_CONVERSION = YES;
				CLANG_WARN_INT_CONVERSION = YES;
				CLANG_WARN_OBJC_ROOT_CLASS = YES_ERROR;
				CLANG_WARN_UNREACHABLE_CODE = YES;
				CLANG_WARN__DUPLICATE_METHOD_MATCH = YES;
				"CODE_SIGN_IDENTITY[sdk=iphoneos*]" = "iPhone Developer";
				COPY_PHASE_STRIP = NO;
				ENABLE_STRICT_OBJC_MSGSEND = YES;
				GCC_C_LANGUAGE_STANDARD = gnu99;
				GCC_DYNAMIC_NO_PIC = NO;
				GCC_OPTIMIZATION_LEVEL = 0;
				GCC_PREPROCESSOR_DEFINITIONS = (
					"DEBUG=1",
					"$(inherited)",
				);
				GCC_SYMBOLS_PRIVATE_EXTERN = NO;
				GCC_WARN_64_TO_32_BIT_CONVERSION = YES;
				GCC_WARN_ABOUT_RETURN_TYPE = YES_ERROR;
				GCC_WARN_UNDECLARED_SELECTOR = YES;
				GCC_WARN_UNINITIALIZED_AUTOS = YES_AGGRESSIVE;
				GCC_WARN_UNUSED_FUNCTION = YES;
				GCC_WARN_UNUSED_VARIABLE = YES;
				IPHONEOS_DEPLOYMENT_TARGET = 8.0;
				MTL_ENABLE_DEBUG_INFO = YES;
				ONLY_ACTIVE_ARCH = YES;
				SDKROOT = iphoneos;
				SWIFT_OPTIMIZATION_LEVEL = "-Onone";
			};
			name = Debug;
		};
		EB51A5A01A09E0000095D878 /* Release */ = {
			isa = XCBuildConfiguration;
			buildSettings = {
				ALWAYS_SEARCH_USER_PATHS = NO;
				CLANG_CXX_LANGUAGE_STANDARD = "gnu++0x";
				CLANG_CXX_LIBRARY = "libc++";
				CLANG_ENABLE_MODULES = YES;
				CLANG_ENABLE_OBJC_ARC = YES;
				CLANG_WARN_BOOL_CONVERSION = YES;
				CLANG_WARN_CONSTANT_CONVERSION = YES;
				CLANG_WARN_DIRECT_OBJC_ISA_USAGE = YES_ERROR;
				CLANG_WARN_EMPTY_BODY = YES;
				CLANG_WARN_ENUM_CONVERSION = YES;
				CLANG_WARN_INT_CONVERSION = YES;
				CLANG_WARN_OBJC_ROOT_CLASS = YES_ERROR;
				CLANG_WARN_UNREACHABLE_CODE = YES;
				CLANG_WARN__DUPLICATE_METHOD_MATCH = YES;
				"CODE_SIGN_IDENTITY[sdk=iphoneos*]" = "iPhone Developer";
				COPY_PHASE_STRIP = YES;
				ENABLE_NS_ASSERTIONS = NO;
				ENABLE_STRICT_OBJC_MSGSEND = YES;
				GCC_C_LANGUAGE_STANDARD = gnu99;
				GCC_WARN_64_TO_32_BIT_CONVERSION = YES;
				GCC_WARN_ABOUT_RETURN_TYPE = YES_ERROR;
				GCC_WARN_UNDECLARED_SELECTOR = YES;
				GCC_WARN_UNINITIALIZED_AUTOS = YES_AGGRESSIVE;
				GCC_WARN_UNUSED_FUNCTION = YES;
				GCC_WARN_UNUSED_VARIABLE = YES;
				IPHONEOS_DEPLOYMENT_TARGET = 8.0;
				MTL_ENABLE_DEBUG_INFO = NO;
				SDKROOT = iphoneos;
				VALIDATE_PRODUCT = YES;
			};
			name = Release;
		};
		EB51A5A21A09E0000095D878 /* Debug */ = {
			isa = XCBuildConfiguration;
			buildSettings = {
				ASSETCATALOG_COMPILER_APPICON_NAME = AppIcon;
				CODE_SIGN_IDENTITY = "iPhone Developer";
				INFOPLIST_FILE = MOCHA/Info.plist;
				IPHONEOS_DEPLOYMENT_TARGET = 8.0;
				LD_RUNPATH_SEARCH_PATHS = "$(inherited) @executable_path/Frameworks";
				PRODUCT_NAME = "$(TARGET_NAME)";
				TARGETED_DEVICE_FAMILY = 1;
			};
			name = Debug;
		};
		EB51A5A31A09E0000095D878 /* Release */ = {
			isa = XCBuildConfiguration;
			buildSettings = {
				ASSETCATALOG_COMPILER_APPICON_NAME = AppIcon;
				CODE_SIGN_IDENTITY = "iPhone Developer";
				INFOPLIST_FILE = MOCHA/Info.plist;
				IPHONEOS_DEPLOYMENT_TARGET = 8.0;
				LD_RUNPATH_SEARCH_PATHS = "$(inherited) @executable_path/Frameworks";
				PRODUCT_NAME = "$(TARGET_NAME)";
				TARGETED_DEVICE_FAMILY = 1;
			};
			name = Release;
		};
		EB51A5A51A09E0000095D878 /* Debug */ = {
			isa = XCBuildConfiguration;
			buildSettings = {
				BUNDLE_LOADER = "$(TEST_HOST)";
				FRAMEWORK_SEARCH_PATHS = (
					"$(SDKROOT)/Developer/Library/Frameworks",
					"$(inherited)",
				);
				GCC_PREPROCESSOR_DEFINITIONS = (
					"DEBUG=1",
					"$(inherited)",
				);
				INFOPLIST_FILE = MOCHATests/Info.plist;
				LD_RUNPATH_SEARCH_PATHS = "$(inherited) @executable_path/Frameworks @loader_path/Frameworks";
				PRODUCT_NAME = "$(TARGET_NAME)";
				TEST_HOST = "$(BUILT_PRODUCTS_DIR)/MOCHA.app/MOCHA";
			};
			name = Debug;
		};
		EB51A5A61A09E0000095D878 /* Release */ = {
			isa = XCBuildConfiguration;
			buildSettings = {
				BUNDLE_LOADER = "$(TEST_HOST)";
				FRAMEWORK_SEARCH_PATHS = (
					"$(SDKROOT)/Developer/Library/Frameworks",
					"$(inherited)",
				);
				INFOPLIST_FILE = MOCHATests/Info.plist;
				LD_RUNPATH_SEARCH_PATHS = "$(inherited) @executable_path/Frameworks @loader_path/Frameworks";
				PRODUCT_NAME = "$(TARGET_NAME)";
				TEST_HOST = "$(BUILT_PRODUCTS_DIR)/MOCHA.app/MOCHA";
			};
			name = Release;
		};
/* End XCBuildConfiguration section */

/* Begin XCConfigurationList section */
		EB51A57D1A09E0000095D878 /* Build configuration list for PBXProject "MOCHA" */ = {
			isa = XCConfigurationList;
			buildConfigurations = (
				EB51A59F1A09E0000095D878 /* Debug */,
				EB51A5A01A09E0000095D878 /* Release */,
			);
			defaultConfigurationIsVisible = 0;
			defaultConfigurationName = Release;
		};
		EB51A5A11A09E0000095D878 /* Build configuration list for PBXNativeTarget "MOCHA" */ = {
			isa = XCConfigurationList;
			buildConfigurations = (
				EB51A5A21A09E0000095D878 /* Debug */,
				EB51A5A31A09E0000095D878 /* Release */,
			);
			defaultConfigurationIsVisible = 0;
			defaultConfigurationName = Release;
		};
		EB51A5A41A09E0000095D878 /* Build configuration list for PBXNativeTarget "MOCHATests" */ = {
			isa = XCConfigurationList;
			buildConfigurations = (
				EB51A5A51A09E0000095D878 /* Debug */,
				EB51A5A61A09E0000095D878 /* Release */,
			);
			defaultConfigurationIsVisible = 0;
			defaultConfigurationName = Release;
		};
/* End XCConfigurationList section */
	};
	rootObject = EB51A57A1A09E0000095D878 /* Project object */;
}
